// !$*UTF8*$!
{
	archiveVersion = 1;
	classes = {
	};
	objectVersion = 46;
	objects = {

/* Begin PBXBuildFile section */
		1C7966CA1AE01E3D00CC74B5 /* Foundation.framework in Frameworks */ = {isa = PBXBuildFile; fileRef = 1C7966C91AE01E3D00CC74B5 /* Foundation.framework */; };
		1C7966CC1AE01E3D00CC74B5 /* UIKit.framework in Frameworks */ = {isa = PBXBuildFile; fileRef = 1C7966CB1AE01E3D00CC74B5 /* UIKit.framework */; };
		1C7966CE1AE01E3D00CC74B5 /* Preferences.framework in Frameworks */ = {isa = PBXBuildFile; fileRef = 1C7966CD1AE01E3D00CC74B5 /* Preferences.framework */; };
		1C7966D81AE01E3D00CC74B5 /* InjectorPreferenceLoaderController.h in Headers */ = {isa = PBXBuildFile; fileRef = 1C7966D71AE01E3D00CC74B5 /* InjectorPreferenceLoaderController.h */; };
		1C7966DA1AE01E3D00CC74B5 /* InjectorPreferenceLoaderController.m in Sources */ = {isa = PBXBuildFile; fileRef = 1C7966D91AE01E3D00CC74B5 /* InjectorPreferenceLoaderController.m */; settings = {COMPILER_FLAGS = "-fobjc-arc"; }; };
/* End PBXBuildFile section */

/* Begin PBXFileReference section */
		1C6FFFC01AEC94D900895C00 /* InjectorPreferenceLoaderIcon@3x.png */ = {isa = PBXFileReference; lastKnownFileType = image.png; name = "InjectorPreferenceLoaderIcon@3x.png"; path = "Package/Library/PreferenceBundles/InjectorPreferenceLoader.bundle/InjectorPreferenceLoaderIcon@3x.png"; sourceTree = "<group>"; };
		1C7966C61AE01E3D00CC74B5 /* InjectorPreferenceLoader.bundle */ = {isa = PBXFileReference; explicitFileType = wrapper.cfbundle; includeInIndex = 0; path = InjectorPreferenceLoader.bundle; sourceTree = BUILT_PRODUCTS_DIR; };
		1C7966C91AE01E3D00CC74B5 /* Foundation.framework */ = {isa = PBXFileReference; lastKnownFileType = wrapper.framework; name = Foundation.framework; path = System/Library/Frameworks/Foundation.framework; sourceTree = SDKROOT; };
		1C7966CB1AE01E3D00CC74B5 /* UIKit.framework */ = {isa = PBXFileReference; lastKnownFileType = wrapper.framework; name = UIKit.framework; path = System/Library/Frameworks/UIKit.framework; sourceTree = SDKROOT; };
		1C7966CD1AE01E3D00CC74B5 /* Preferences.framework */ = {isa = PBXFileReference; lastKnownFileType = wrapper.framework; name = Preferences.framework; path = Library/Frameworks/Preferences.framework; sourceTree = DEVELOPER_DIR; };
		1C7966D21AE01E3D00CC74B5 /* control.txt */ = {isa = PBXFileReference; lastKnownFileType = text; name = control.txt; path = Package/DEBIAN/control.txt; sourceTree = "<group>"; };
		1C7966D31AE01E3D00CC74B5 /* control */ = {isa = PBXFileReference; lastKnownFileType = text; name = control; path = Package/DEBIAN/control; sourceTree = "<group>"; };
		1C7966D51AE01E3D00CC74B5 /* PackageVersion.plist */ = {isa = PBXFileReference; lastKnownFileType = text.plist.xml; path = PackageVersion.plist; sourceTree = "<group>"; };
		1C7966D61AE01E3D00CC74B5 /* InjectorPreferenceLoader-Info.plist */ = {isa = PBXFileReference; lastKnownFileType = text.plist.xml; path = "InjectorPreferenceLoader-Info.plist"; sourceTree = "<group>"; };
		1C7966D71AE01E3D00CC74B5 /* InjectorPreferenceLoaderController.h */ = {isa = PBXFileReference; lastKnownFileType = sourcecode.c.h; path = InjectorPreferenceLoaderController.h; sourceTree = "<group>"; };
		1C7966D91AE01E3D00CC74B5 /* InjectorPreferenceLoaderController.m */ = {isa = PBXFileReference; lastKnownFileType = sourcecode.c.objc; path = InjectorPreferenceLoaderController.m; sourceTree = "<group>"; };
		1C7966DE1AE01E3D00CC74B5 /* InjectorPreferenceLoader.plist */ = {isa = PBXFileReference; lastKnownFileType = text.plist.xml; name = InjectorPreferenceLoader.plist; path = Package/Library/PreferenceLoader/Preferences/InjectorPreferenceLoader.plist; sourceTree = "<group>"; };
		1C7966E11AE01E3D00CC74B5 /* InjectorPreferenceLoader.plist */ = {isa = PBXFileReference; lastKnownFileType = text.plist.xml; name = InjectorPreferenceLoader.plist; path = Package/Library/PreferenceBundles/InjectorPreferenceLoader.bundle/InjectorPreferenceLoader.plist; sourceTree = "<group>"; };
		1C7966E21AE01E3D00CC74B5 /* InjectorPreferenceLoaderIcon.png */ = {isa = PBXFileReference; lastKnownFileType = image.png; name = InjectorPreferenceLoaderIcon.png; path = Package/Library/PreferenceBundles/InjectorPreferenceLoader.bundle/InjectorPreferenceLoaderIcon.png; sourceTree = "<group>"; };
		1C7966E31AE01E3D00CC74B5 /* InjectorPreferenceLoaderIcon@2x.png */ = {isa = PBXFileReference; lastKnownFileType = image.png; name = "InjectorPreferenceLoaderIcon@2x.png"; path = "Package/Library/PreferenceBundles/InjectorPreferenceLoader.bundle/InjectorPreferenceLoaderIcon@2x.png"; sourceTree = "<group>"; };
		1C7966E81AE01E3D00CC74B5 /* tw.edu.mcu.cce.nrl.InjectorPreferenceLoader.plist */ = {isa = PBXFileReference; lastKnownFileType = text.plist.xml; name = tw.edu.mcu.cce.nrl.InjectorPreferenceLoader.plist; path = Package/var/mobile/Library/Preferences/tw.edu.mcu.cce.nrl.InjectorPreferenceLoader.plist; sourceTree = "<group>"; };
		1C7966E91AE01E3D00CC74B5 /* InjectorPreferenceLoader-Prefix.pch */ = {isa = PBXFileReference; lastKnownFileType = sourcecode.c.h; path = "InjectorPreferenceLoader-Prefix.pch"; sourceTree = "<group>"; };
/* End PBXFileReference section */

/* Begin PBXFrameworksBuildPhase section */
		1C7966C21AE01E3D00CC74B5 /* Frameworks */ = {
			isa = PBXFrameworksBuildPhase;
			buildActionMask = 2147483647;
			files = (
				1C7966CA1AE01E3D00CC74B5 /* Foundation.framework in Frameworks */,
				1C7966CE1AE01E3D00CC74B5 /* Preferences.framework in Frameworks */,
				1C7966CC1AE01E3D00CC74B5 /* UIKit.framework in Frameworks */,
			);
			runOnlyForDeploymentPostprocessing = 0;
		};
/* End PBXFrameworksBuildPhase section */

/* Begin PBXGroup section */
		1C7966BC1AE01E3D00CC74B5 = {
			isa = PBXGroup;
			children = (
				1C7966CF1AE01E3D00CC74B5 /* InjectorPreferenceLoader */,
				1C7966C81AE01E3D00CC74B5 /* Frameworks */,
				1C7966C71AE01E3D00CC74B5 /* Products */,
			);
			sourceTree = "<group>";
		};
		1C7966C71AE01E3D00CC74B5 /* Products */ = {
			isa = PBXGroup;
			children = (
				1C7966C61AE01E3D00CC74B5 /* InjectorPreferenceLoader.bundle */,
			);
			name = Products;
			sourceTree = "<group>";
		};
		1C7966C81AE01E3D00CC74B5 /* Frameworks */ = {
			isa = PBXGroup;
			children = (
				1C7966C91AE01E3D00CC74B5 /* Foundation.framework */,
				1C7966CB1AE01E3D00CC74B5 /* UIKit.framework */,
				1C7966CD1AE01E3D00CC74B5 /* Preferences.framework */,
			);
			name = Frameworks;
			sourceTree = "<group>";
		};
		1C7966CF1AE01E3D00CC74B5 /* InjectorPreferenceLoader */ = {
			isa = PBXGroup;
			children = (
				1C7966D71AE01E3D00CC74B5 /* InjectorPreferenceLoaderController.h */,
				1C7966D91AE01E3D00CC74B5 /* InjectorPreferenceLoaderController.m */,
				1C7966D01AE01E3D00CC74B5 /* Package */,
				1C7966D41AE01E3D00CC74B5 /* Supporting Files */,
			);
			path = InjectorPreferenceLoader;
			sourceTree = "<group>";
		};
		1C7966D01AE01E3D00CC74B5 /* Package */ = {
			isa = PBXGroup;
			children = (
				1C7966D11AE01E3D00CC74B5 /* DEBIAN */,
				1C7966DB1AE01E3D00CC74B5 /* Library */,
				1C7966E41AE01E3D00CC74B5 /* var */,
			);
			name = Package;
			sourceTree = "<group>";
		};
		1C7966D11AE01E3D00CC74B5 /* DEBIAN */ = {
			isa = PBXGroup;
			children = (
				1C7966D21AE01E3D00CC74B5 /* control.txt */,
				1C7966D31AE01E3D00CC74B5 /* control */,
			);
			name = DEBIAN;
			sourceTree = "<group>";
		};
		1C7966D41AE01E3D00CC74B5 /* Supporting Files */ = {
			isa = PBXGroup;
			children = (
				1C7966D51AE01E3D00CC74B5 /* PackageVersion.plist */,
				1C7966D61AE01E3D00CC74B5 /* InjectorPreferenceLoader-Info.plist */,
				1C7966E91AE01E3D00CC74B5 /* InjectorPreferenceLoader-Prefix.pch */,
			);
			name = "Supporting Files";
			sourceTree = "<group>";
		};
		1C7966DB1AE01E3D00CC74B5 /* Library */ = {
			isa = PBXGroup;
			children = (
				1C7966DC1AE01E3D00CC74B5 /* PreferenceLoader */,
				1C7966DF1AE01E3D00CC74B5 /* PreferenceBundles */,
			);
			name = Library;
			sourceTree = "<group>";
		};
		1C7966DC1AE01E3D00CC74B5 /* PreferenceLoader */ = {
			isa = PBXGroup;
			children = (
				1C7966DD1AE01E3D00CC74B5 /* Preferences */,
			);
			name = PreferenceLoader;
			sourceTree = "<group>";
		};
		1C7966DD1AE01E3D00CC74B5 /* Preferences */ = {
			isa = PBXGroup;
			children = (
				1C7966DE1AE01E3D00CC74B5 /* InjectorPreferenceLoader.plist */,
			);
			name = Preferences;
			sourceTree = "<group>";
		};
		1C7966DF1AE01E3D00CC74B5 /* PreferenceBundles */ = {
			isa = PBXGroup;
			children = (
				1C7966E01AE01E3D00CC74B5 /* ___PACKAGENAME___.bundle */,
			);
			name = PreferenceBundles;
			sourceTree = "<group>";
		};
		1C7966E01AE01E3D00CC74B5 /* ___PACKAGENAME___.bundle */ = {
			isa = PBXGroup;
			children = (
				1C7966E11AE01E3D00CC74B5 /* InjectorPreferenceLoader.plist */,
				1C6FFFC01AEC94D900895C00 /* InjectorPreferenceLoaderIcon@3x.png */,
				1C7966E21AE01E3D00CC74B5 /* InjectorPreferenceLoaderIcon.png */,
				1C7966E31AE01E3D00CC74B5 /* InjectorPreferenceLoaderIcon@2x.png */,
			);
			name = "___PACKAGENAME___.bundle";
			sourceTree = "<group>";
		};
		1C7966E41AE01E3D00CC74B5 /* var */ = {
			isa = PBXGroup;
			children = (
				1C7966E51AE01E3D00CC74B5 /* mobile */,
			);
			name = var;
			sourceTree = "<group>";
		};
		1C7966E51AE01E3D00CC74B5 /* mobile */ = {
			isa = PBXGroup;
			children = (
				1C7966E61AE01E3D00CC74B5 /* Library */,
			);
			name = mobile;
			sourceTree = "<group>";
		};
		1C7966E61AE01E3D00CC74B5 /* Library */ = {
			isa = PBXGroup;
			children = (
				1C7966E71AE01E3D00CC74B5 /* Preferences */,
			);
			name = Library;
			sourceTree = "<group>";
		};
		1C7966E71AE01E3D00CC74B5 /* Preferences */ = {
			isa = PBXGroup;
			children = (
				1C7966E81AE01E3D00CC74B5 /* tw.edu.mcu.cce.nrl.InjectorPreferenceLoader.plist */,
			);
			name = Preferences;
			sourceTree = "<group>";
		};
/* End PBXGroup section */

/* Begin PBXHeadersBuildPhase section */
		1C7966C31AE01E3D00CC74B5 /* Headers */ = {
			isa = PBXHeadersBuildPhase;
			buildActionMask = 2147483647;
			files = (
				1C7966D81AE01E3D00CC74B5 /* InjectorPreferenceLoaderController.h in Headers */,
			);
			runOnlyForDeploymentPostprocessing = 0;
		};
/* End PBXHeadersBuildPhase section */

/* Begin PBXNativeTarget section */
		1C7966C51AE01E3D00CC74B5 /* InjectorPreferenceLoader */ = {
			isa = PBXNativeTarget;
			buildConfigurationList = 1C7966EC1AE01E3D00CC74B5 /* Build configuration list for PBXNativeTarget "InjectorPreferenceLoader" */;
			buildPhases = (
				1C7966C11AE01E3D00CC74B5 /* Sources */,
				1C7966C21AE01E3D00CC74B5 /* Frameworks */,
				1C7966C31AE01E3D00CC74B5 /* Headers */,
				1C7966C41AE01E3D00CC74B5 /* ShellScript */,
			);
			buildRules = (
			);
			dependencies = (
			);
			name = InjectorPreferenceLoader;
			productName = InjectorPreferenceLoader;
			productReference = 1C7966C61AE01E3D00CC74B5 /* InjectorPreferenceLoader.bundle */;
			productType = "com.apple.product-type.bundle";
		};
/* End PBXNativeTarget section */

/* Begin PBXProject section */
		1C7966BD1AE01E3D00CC74B5 /* Project object */ = {
			isa = PBXProject;
			attributes = {
				LastUpgradeCheck = 0610;
				TargetAttributes = {
					1C7966C51AE01E3D00CC74B5 = {
						CreatedOnToolsVersion = 6.1.1;
					};
				};
			};
			buildConfigurationList = 1C7966C01AE01E3D00CC74B5 /* Build configuration list for PBXProject "InjectorPreferenceLoader" */;
			compatibilityVersion = "Xcode 3.2";
			developmentRegion = English;
			hasScannedForEncodings = 0;
			knownRegions = (
				en,
			);
			mainGroup = 1C7966BC1AE01E3D00CC74B5;
			productRefGroup = 1C7966C71AE01E3D00CC74B5 /* Products */;
			projectDirPath = "";
			projectRoot = "";
			targets = (
				1C7966C51AE01E3D00CC74B5 /* InjectorPreferenceLoader */,
			);
		};
/* End PBXProject section */

/* Begin PBXShellScriptBuildPhase section */
		1C7966C41AE01E3D00CC74B5 /* ShellScript */ = {
			isa = PBXShellScriptBuildPhase;
			buildActionMask = 2147483647;
			files = (
			);
			inputPaths = (
			);
			outputPaths = (
			);
			runOnlyForDeploymentPostprocessing = 0;
			shellPath = /bin/sh;
			shellScript = "/opt/iOSOpenDev/bin/iosod --xcbp";
		};
/* End PBXShellScriptBuildPhase section */

/* Begin PBXSourcesBuildPhase section */
		1C7966C11AE01E3D00CC74B5 /* Sources */ = {
			isa = PBXSourcesBuildPhase;
			buildActionMask = 2147483647;
			files = (
				1C7966DA1AE01E3D00CC74B5 /* InjectorPreferenceLoaderController.m in Sources */,
			);
			runOnlyForDeploymentPostprocessing = 0;
		};
/* End PBXSourcesBuildPhase section */

/* Begin XCBuildConfiguration section */
		1C7966EA1AE01E3D00CC74B5 /* Debug */ = {
			isa = XCBuildConfiguration;
			buildSettings = {
				COPY_PHASE_STRIP = NO;
				EXCLUDED_RECURSIVE_SEARCH_PATH_SUBDIRECTORIES = "*.nib *.lproj *.gch (*) .DS_Store CVS .svn .git .hg *.xcodeproj *.xcode *.pbproj *.pbxproj";
				FRAMEWORK_SEARCH_PATHS = (
					"$(iOSOpenDevPath)/frameworks/**",
					"$(SDKROOT)/System/Library/PrivateFrameworks",
				);
				GCC_C_LANGUAGE_STANDARD = gnu99;
				GCC_DYNAMIC_NO_PIC = NO;
				GCC_OPTIMIZATION_LEVEL = 0;
				GCC_PREPROCESSOR_DEFINITIONS = (
					"DEBUG=1",
					"$(inherited)",
				);
				GCC_SYMBOLS_PRIVATE_EXTERN = NO;
				GCC_WARN_ABOUT_MISSING_PROTOTYPES = YES;
				GCC_WARN_ABOUT_RETURN_TYPE = YES;
				GCC_WARN_UNUSED_VARIABLE = YES;
				HEADER_SEARCH_PATHS = "$(iOSOpenDevPath)/include/**";
				IPHONEOS_DEPLOYMENT_TARGET = 8.1;
				LIBRARY_SEARCH_PATHS = "$(iOSOpenDevPath)/lib/**";
				SDKROOT = iphoneos;
				TARGETED_DEVICE_FAMILY = "1,2";
				VALIDATE_PRODUCT = NO;
				iOSOpenDevPath = /opt/iOSOpenDev;
			};
			name = Debug;
		};
		1C7966EB1AE01E3D00CC74B5 /* Release */ = {
			isa = XCBuildConfiguration;
			buildSettings = {
				COPY_PHASE_STRIP = YES;
				EXCLUDED_RECURSIVE_SEARCH_PATH_SUBDIRECTORIES = "*.nib *.lproj *.gch (*) .DS_Store CVS .svn .git .hg *.xcodeproj *.xcode *.pbproj *.pbxproj";
				FRAMEWORK_SEARCH_PATHS = (
					"$(iOSOpenDevPath)/frameworks/**",
					"$(SDKROOT)/System/Library/PrivateFrameworks",
				);
				GCC_C_LANGUAGE_STANDARD = gnu99;
				GCC_WARN_ABOUT_MISSING_PROTOTYPES = YES;
				GCC_WARN_ABOUT_RETURN_TYPE = YES;
				GCC_WARN_UNUSED_VARIABLE = YES;
				HEADER_SEARCH_PATHS = "$(iOSOpenDevPath)/include/**";
				IPHONEOS_DEPLOYMENT_TARGET = 8.1;
				LIBRARY_SEARCH_PATHS = "$(iOSOpenDevPath)/lib/**";
				SDKROOT = iphoneos;
				TARGETED_DEVICE_FAMILY = "1,2";
				VALIDATE_PRODUCT = YES;
				iOSOpenDevPath = /opt/iOSOpenDev;
			};
			name = Release;
		};
		1C7966ED1AE01E3D00CC74B5 /* Debug */ = {
			isa = XCBuildConfiguration;
			buildSettings = {
				CODE_SIGN_IDENTITY = "";
				FRAMEWORK_SEARCH_PATHS = (
					"$(inherited)",
					"$(DEVELOPER_FRAMEWORKS_DIR)",
				);
				GCC_PRECOMPILE_PREFIX_HEADER = YES;
				GCC_PREFIX_HEADER = "InjectorPreferenceLoader/InjectorPreferenceLoader-Prefix.pch";
				INFOPLIST_FILE = "InjectorPreferenceLoader/InjectorPreferenceLoader-Info.plist";
				INSTALL_PATH = /Library/PreferenceBundles;
				PRODUCT_NAME = "$(TARGET_NAME)";
				WRAPPER_EXTENSION = bundle;
				iOSOpenDevBuildPackageOnAnyBuild = NO;
				iOSOpenDevCopyOnBuild = NO;
				iOSOpenDevDevice = "";
				iOSOpenDevInstallOnAnyBuild = NO;
				iOSOpenDevInstallOnProfiling = NO;
				iOSOpenDevRespringOnInstall = NO;
				iOSOpenDevUsePackageVersionPList = YES;
			};
			name = Debug;
		};
		1C7966EE1AE01E3D00CC74B5 /* Release */ = {
			isa = XCBuildConfiguration;
			buildSettings = {
				CODE_SIGN_IDENTITY = "";
				FRAMEWORK_SEARCH_PATHS = (
					"$(inherited)",
					"$(DEVELOPER_FRAMEWORKS_DIR)",
				);
				GCC_PRECOMPILE_PREFIX_HEADER = YES;
				GCC_PREFIX_HEADER = "InjectorPreferenceLoader/InjectorPreferenceLoader-Prefix.pch";
				INFOPLIST_FILE = "InjectorPreferenceLoader/InjectorPreferenceLoader-Info.plist";
				INSTALL_PATH = /Library/PreferenceBundles;
				PRODUCT_NAME = "$(TARGET_NAME)";
				WRAPPER_EXTENSION = bundle;
				iOSOpenDevBuildPackageOnAnyBuild = NO;
				iOSOpenDevCopyOnBuild = NO;
				iOSOpenDevDevice = "";
				iOSOpenDevInstallOnAnyBuild = NO;
				iOSOpenDevInstallOnProfiling = NO;
				iOSOpenDevRespringOnInstall = NO;
				iOSOpenDevUsePackageVersionPList = YES;
			};
			name = Release;
		};
/* End XCBuildConfiguration section */

/* Begin XCConfigurationList section */
		1C7966C01AE01E3D00CC74B5 /* Build configuration list for PBXProject "InjectorPreferenceLoader" */ = {
			isa = XCConfigurationList;
			buildConfigurations = (
				1C7966EA1AE01E3D00CC74B5 /* Debug */,
				1C7966EB1AE01E3D00CC74B5 /* Release */,
			);
			defaultConfigurationIsVisible = 0;
			defaultConfigurationName = Release;
		};
		1C7966EC1AE01E3D00CC74B5 /* Build configuration list for PBXNativeTarget "InjectorPreferenceLoader" */ = {
			isa = XCConfigurationList;
			buildConfigurations = (
				1C7966ED1AE01E3D00CC74B5 /* Debug */,
				1C7966EE1AE01E3D00CC74B5 /* Release */,
			);
			defaultConfigurationIsVisible = 0;
			defaultConfigurationName = Release;
		};
/* End XCConfigurationList section */
	};
	rootObject = 1C7966BD1AE01E3D00CC74B5 /* Project object */;
}
